
Microsoft Visual Studio Solution File, Format Version 12.00
# Visual Studio 15
VisualStudioVersion = 15.0.28307.902
MinimumVisualStudioVersion = 10.0.40219.1
Project("{FAE04EC0-301F-11D3-BF4B-00C04F79EFBC}") = "ApiIDERP", "ApiIDERP\ApiIDERP.csproj", "{AAB12219-4A02-4BED-9FF2-D8518AA9E8C1}"
EndProject
Global
	GlobalSection(SolutionConfigurationPlatforms) = preSolution
		Debug|Any CPU = Debug|Any CPU
		Release|Any CPU = Release|Any CPU
	EndGlobalSection
	GlobalSection(ProjectConfigurationPlatforms) = postSolution
		{AAB12219-4A02-4BED-9FF2-D8518AA9E8C1}.Debug|Any CPU.ActiveCfg = Debug|Any CPU
		{AAB12219-4A02-4BED-9FF2-D8518AA9E8C1}.Debug|Any CPU.Build.0 = Debug|Any CPU
		{AAB12219-4A02-4BED-9FF2-D8518AA9E8C1}.Release|Any CPU.ActiveCfg = Release|Any CPU
		{AAB12219-4A02-4BED-9FF2-D8518AA9E8C1}.Release|Any CPU.Build.0 = Release|Any CPU
	EndGlobalSection
	GlobalSection(SolutionProperties) = preSolution
		HideSolutionNode = FALSE
	EndGlobalSection
	GlobalSection(ExtensibilityGlobals) = postSolution
		SolutionGuid = {5F76DBAF-B143-4AB6-8C46-6174AE24316E}
	EndGlobalSection
EndGlobal
